
Microsoft Visual Studio Solution File, Format Version 12.00
# Visual Studio 15
VisualStudioVersion = 15.0.27004.2002
MinimumVisualStudioVersion = 10.0.40219.1
Project("{2150E333-8FDC-42A3-9474-1A3956D46DE8}") = "Solution Items", "Solution Items", "{575E23A2-7251-4E35-B543-740E46617403}"
	ProjectSection(SolutionItems) = preProject
		.gitignore = .gitignore
		LICENSE = LICENSE
		README.md = README.md
	EndProjectSection
EndProject
Project("{9A19103F-16F7-4668-BE54-9A1E7A4F7556}") = "MidnightLizard.Web.Schemes", "App\MidnightLizard.Web.Schemes.csproj", "{E47321D2-BEB1-43C1-A389-4CCC28DD1338}"
EndProject
Project("{E53339B2-1760-4266-BCC7-CA923CBCF16C}") = "docker-compose", "docker\docker-compose.dcproj", "{16234450-F71C-47C5-8899-98C7D4413A4E}"
EndProject
Project("{E24C65DC-7377-472B-9ABA-BC803B73C61A}") = "kube", "kube\", "{A903B8D5-B413-4BCC-919A-26B5A8B3A683}"
	ProjectSection(WebsiteProperties) = preProject
		TargetFrameworkMoniker = ".NETFramework,Version%3Dv4.0"
		Debug.AspNetCompiler.VirtualPath = "/localhost_54119"
		Debug.AspNetCompiler.PhysicalPath = "kube\"
		Debug.AspNetCompiler.TargetPath = "PrecompiledWeb\localhost_54119\"
		Debug.AspNetCompiler.Updateable = "true"
		Debug.AspNetCompiler.ForceOverwrite = "true"
		Debug.AspNetCompiler.FixedNames = "false"
		Debug.AspNetCompiler.Debug = "True"
		Release.AspNetCompiler.VirtualPath = "/localhost_54119"
		Release.AspNetCompiler.PhysicalPath = "kube\"
		Release.AspNetCompiler.TargetPath = "PrecompiledWeb\localhost_54119\"
		Release.AspNetCompiler.Updateable = "true"
		Release.AspNetCompiler.ForceOverwrite = "true"
		Release.AspNetCompiler.FixedNames = "false"
		Release.AspNetCompiler.Debug = "False"
		VWDPort = "54119"
		SlnRelativePath = "kube\"
	EndProjectSection
EndProject
Project("{E24C65DC-7377-472B-9ABA-BC803B73C61A}") = "shell", "shell\", "{0F4FB0FF-9E92-480B-ACD5-CEBC642C7E0D}"
	ProjectSection(WebsiteProperties) = preProject
		TargetFrameworkMoniker = ".NETFramework,Version%3Dv4.0"
		Debug.AspNetCompiler.VirtualPath = "/localhost_54390"
		Debug.AspNetCompiler.PhysicalPath = "shell\"
		Debug.AspNetCompiler.TargetPath = "PrecompiledWeb\localhost_54390\"
		Debug.AspNetCompiler.Updateable = "true"
		Debug.AspNetCompiler.ForceOverwrite = "true"
		Debug.AspNetCompiler.FixedNames = "false"
		Debug.AspNetCompiler.Debug = "True"
		Release.AspNetCompiler.VirtualPath = "/localhost_54390"
		Release.AspNetCompiler.PhysicalPath = "shell\"
		Release.AspNetCompiler.TargetPath = "PrecompiledWeb\localhost_54390\"
		Release.AspNetCompiler.Updateable = "true"
		Release.AspNetCompiler.ForceOverwrite = "true"
		Release.AspNetCompiler.FixedNames = "false"
		Release.AspNetCompiler.Debug = "False"
		VWDPort = "54390"
		SlnRelativePath = "shell\"
	EndProjectSection
EndProject
Global
	GlobalSection(SolutionConfigurationPlatforms) = preSolution
		Debug|Any CPU = Debug|Any CPU
		Release|Any CPU = Release|Any CPU
	EndGlobalSection
	GlobalSection(ProjectConfigurationPlatforms) = postSolution
		{E47321D2-BEB1-43C1-A389-4CCC28DD1338}.Debug|Any CPU.ActiveCfg = Debug|Any CPU
		{E47321D2-BEB1-43C1-A389-4CCC28DD1338}.Debug|Any CPU.Build.0 = Debug|Any CPU
		{E47321D2-BEB1-43C1-A389-4CCC28DD1338}.Release|Any CPU.ActiveCfg = Release|Any CPU
		{E47321D2-BEB1-43C1-A389-4CCC28DD1338}.Release|Any CPU.Build.0 = Release|Any CPU
		{16234450-F71C-47C5-8899-98C7D4413A4E}.Debug|Any CPU.ActiveCfg = Debug|Any CPU
		{16234450-F71C-47C5-8899-98C7D4413A4E}.Debug|Any CPU.Build.0 = Debug|Any CPU
		{16234450-F71C-47C5-8899-98C7D4413A4E}.Release|Any CPU.ActiveCfg = Release|Any CPU
		{16234450-F71C-47C5-8899-98C7D4413A4E}.Release|Any CPU.Build.0 = Release|Any CPU
		{A903B8D5-B413-4BCC-919A-26B5A8B3A683}.Debug|Any CPU.ActiveCfg = Debug|Any CPU
		{A903B8D5-B413-4BCC-919A-26B5A8B3A683}.Debug|Any CPU.Build.0 = Debug|Any CPU
		{A903B8D5-B413-4BCC-919A-26B5A8B3A683}.Release|Any CPU.ActiveCfg = Debug|Any CPU
		{A903B8D5-B413-4BCC-919A-26B5A8B3A683}.Release|Any CPU.Build.0 = Debug|Any CPU
		{0F4FB0FF-9E92-480B-ACD5-CEBC642C7E0D}.Debug|Any CPU.ActiveCfg = Debug|Any CPU
		{0F4FB0FF-9E92-480B-ACD5-CEBC642C7E0D}.Debug|Any CPU.Build.0 = Debug|Any CPU
		{0F4FB0FF-9E92-480B-ACD5-CEBC642C7E0D}.Release|Any CPU.ActiveCfg = Debug|Any CPU
		{0F4FB0FF-9E92-480B-ACD5-CEBC642C7E0D}.Release|Any CPU.Build.0 = Debug|Any CPU
	EndGlobalSection
	GlobalSection(SolutionProperties) = preSolution
		HideSolutionNode = FALSE
	EndGlobalSection
	GlobalSection(ExtensibilityGlobals) = postSolution
		SolutionGuid = {053773E1-5E70-4DF5-9393-0E7F24978D24}
	EndGlobalSection
EndGlobal
